// !$*UTF8*$!
{
	archiveVersion = 1;
	classes = {
	};
	objectVersion = 56;
	objects = {

/* Begin PBXBuildFile section */
		8B0AF8B32BF3B87D004CD597 /* ProfileView.swift in Sources */ = {isa = PBXBuildFile; fileRef = 8B0AF8B22BF3B87D004CD597 /* ProfileView.swift */; };
		8B25A3762BF985A600F9914B /* SearchBar.swift in Sources */ = {isa = PBXBuildFile; fileRef = 8B25A3752BF985A600F9914B /* SearchBar.swift */; };
		8B25A37A2BF9B78600F9914B /* MapSettings.swift in Sources */ = {isa = PBXBuildFile; fileRef = 8B25A3792BF9B78600F9914B /* MapSettings.swift */; };
		8B25A37F2BF9C10E00F9914B /* ExplorePassport.swift in Sources */ = {isa = PBXBuildFile; fileRef = 8B25A37E2BF9C10E00F9914B /* ExplorePassport.swift */; };
		8B25A3812BFA7D7900F9914B /* ProfileComponents.swift in Sources */ = {isa = PBXBuildFile; fileRef = 8B25A3802BFA7D7900F9914B /* ProfileComponents.swift */; };
		8B25A3832BFAD94D00F9914B /* Annotation.swift in Sources */ = {isa = PBXBuildFile; fileRef = 8B25A3822BFAD94D00F9914B /* Annotation.swift */; };
		8B25A3852BFADBB500F9914B /* MapComponents.swift in Sources */ = {isa = PBXBuildFile; fileRef = 8B25A3842BFADBB500F9914B /* MapComponents.swift */; };
		8B49B5CA2BF3EFA600EC7791 /* Location.swift in Sources */ = {isa = PBXBuildFile; fileRef = 8B49B5C92BF3EFA600EC7791 /* Location.swift */; };
		8B87CB402C2BA4530005345D /* Data.swift in Sources */ = {isa = PBXBuildFile; fileRef = 8B87CB3F2C2BA4530005345D /* Data.swift */; };
		8B8976FF2C269A4B00FF1293 /* locations.csv in Resources */ = {isa = PBXBuildFile; fileRef = 8B8976FE2C269A4B00FF1293 /* locations.csv */; };
		8B9618302CE9D20F00B6CCB2 /* Description.swift in Sources */ = {isa = PBXBuildFile; fileRef = 8B96182F2CE9D20F00B6CCB2 /* Description.swift */; };
		8B9618332CEA7B0300B6CCB2 /* LocationView.swift in Sources */ = {isa = PBXBuildFile; fileRef = 8B9618322CEA7AF900B6CCB2 /* LocationView.swift */; };
		8B9E447D2C09139800363C4E /* ViewModel & Storage.swift in Sources */ = {isa = PBXBuildFile; fileRef = 8B9E447C2C09139800363C4E /* ViewModel & Storage.swift */; };
		8B9EB9BA2BF57BB500C948B8 /* Components.swift in Sources */ = {isa = PBXBuildFile; fileRef = 8B9EB9B92BF57BB500C948B8 /* Components.swift */; };
		8BD2CB0F2BF6BF4900EABDB5 /* ExploreView.swift in Sources */ = {isa = PBXBuildFile; fileRef = 8BD2CB0E2BF6BF4900EABDB5 /* ExploreView.swift */; };
		8BD7705F2C220F6300AE9BA6 /* API Request.swift in Sources */ = {isa = PBXBuildFile; fileRef = 8BD7705E2C220F6300AE9BA6 /* API Request.swift */; };
		8BF5A2152C29B45E004C3C93 /* Weather.swift in Sources */ = {isa = PBXBuildFile; fileRef = 8BF5A2142C29B45E004C3C93 /* Weather.swift */; };
		8BFE64982BFB9947003B373B /* LargeLocationView.swift in Sources */ = {isa = PBXBuildFile; fileRef = 8BFE64972BFB9947003B373B /* LargeLocationView.swift */; };
		8BFE649C2BFCCF26003B373B /* SearchComponents.swift in Sources */ = {isa = PBXBuildFile; fileRef = 8BFE649B2BFCCF26003B373B /* SearchComponents.swift */; };
		8BFE649E2BFCDFBA003B373B /* Buttons.swift in Sources */ = {isa = PBXBuildFile; fileRef = 8BFE649D2BFCDFBA003B373B /* Buttons.swift */; };
		8BFE64A02BFCE08D003B373B /* Images.swift in Sources */ = {isa = PBXBuildFile; fileRef = 8BFE649F2BFCE08D003B373B /* Images.swift */; };
		8BFE64A22BFCE16B003B373B /* Header.swift in Sources */ = {isa = PBXBuildFile; fileRef = 8BFE64A12BFCE16B003B373B /* Header.swift */; };
		8BFE64A62BFCE207003B373B /* ImageView.swift in Sources */ = {isa = PBXBuildFile; fileRef = 8BFE64A52BFCE207003B373B /* ImageView.swift */; };
		8BFE64A82BFCEEDA003B373B /* Conditions.swift in Sources */ = {isa = PBXBuildFile; fileRef = 8BFE64A72BFCEEDA003B373B /* Conditions.swift */; };
		8BFE64AA2C038FA7003B373B /* ReviewView.swift in Sources */ = {isa = PBXBuildFile; fileRef = 8BFE64A92C038FA7003B373B /* ReviewView.swift */; };
		F04AA4992AD2F98C00D0BE7B /* Model.swift in Sources */ = {isa = PBXBuildFile; fileRef = F04AA4982AD2F98C00D0BE7B /* Model.swift */; };
		F0DCE3A32AD20E6E009D4DF8 /* ExploreApp.swift in Sources */ = {isa = PBXBuildFile; fileRef = F0DCE3A22AD20E6E009D4DF8 /* ExploreApp.swift */; };
		F0DCE3A52AD20E6E009D4DF8 /* MapView.swift in Sources */ = {isa = PBXBuildFile; fileRef = F0DCE3A42AD20E6E009D4DF8 /* MapView.swift */; };
		F0DCE3A72AD20E6F009D4DF8 /* Assets.xcassets in Resources */ = {isa = PBXBuildFile; fileRef = F0DCE3A62AD20E6F009D4DF8 /* Assets.xcassets */; };
		F0DCE3AA2AD20E6F009D4DF8 /* Preview Assets.xcassets in Resources */ = {isa = PBXBuildFile; fileRef = F0DCE3A92AD20E6F009D4DF8 /* Preview Assets.xcassets */; };
/* End PBXBuildFile section */

/* Begin PBXFileReference section */
		8B0AF8B22BF3B87D004CD597 /* ProfileView.swift */ = {isa = PBXFileReference; lastKnownFileType = sourcecode.swift; path = ProfileView.swift; sourceTree = "<group>"; };
		8B25A3752BF985A600F9914B /* SearchBar.swift */ = {isa = PBXFileReference; lastKnownFileType = sourcecode.swift; path = SearchBar.swift; sourceTree = "<group>"; };
		8B25A3792BF9B78600F9914B /* MapSettings.swift */ = {isa = PBXFileReference; lastKnownFileType = sourcecode.swift; path = MapSettings.swift; sourceTree = "<group>"; };
		8B25A37E2BF9C10E00F9914B /* ExplorePassport.swift */ = {isa = PBXFileReference; lastKnownFileType = sourcecode.swift; path = ExplorePassport.swift; sourceTree = "<group>"; };
		8B25A3802BFA7D7900F9914B /* ProfileComponents.swift */ = {isa = PBXFileReference; lastKnownFileType = sourcecode.swift; path = ProfileComponents.swift; sourceTree = "<group>"; };
		8B25A3822BFAD94D00F9914B /* Annotation.swift */ = {isa = PBXFileReference; lastKnownFileType = sourcecode.swift; path = Annotation.swift; sourceTree = "<group>"; };
		8B25A3842BFADBB500F9914B /* MapComponents.swift */ = {isa = PBXFileReference; lastKnownFileType = sourcecode.swift; path = MapComponents.swift; sourceTree = "<group>"; };
		8B49B5C92BF3EFA600EC7791 /* Location.swift */ = {isa = PBXFileReference; lastKnownFileType = sourcecode.swift; path = Location.swift; sourceTree = "<group>"; };
		8B87CB3F2C2BA4530005345D /* Data.swift */ = {isa = PBXFileReference; lastKnownFileType = sourcecode.swift; path = Data.swift; sourceTree = "<group>"; };
		8B8976FE2C269A4B00FF1293 /* locations.csv */ = {isa = PBXFileReference; fileEncoding = 4; lastKnownFileType = text; path = locations.csv; sourceTree = "<group>"; };
		8B96182F2CE9D20F00B6CCB2 /* Description.swift */ = {isa = PBXFileReference; lastKnownFileType = sourcecode.swift; path = Description.swift; sourceTree = "<group>"; };
		8B9618322CEA7AF900B6CCB2 /* LocationView.swift */ = {isa = PBXFileReference; lastKnownFileType = sourcecode.swift; path = LocationView.swift; sourceTree = "<group>"; };
		8B9E447C2C09139800363C4E /* ViewModel & Storage.swift */ = {isa = PBXFileReference; lastKnownFileType = sourcecode.swift; path = "ViewModel & Storage.swift"; sourceTree = "<group>"; };
		8B9EB9B92BF57BB500C948B8 /* Components.swift */ = {isa = PBXFileReference; lastKnownFileType = sourcecode.swift; path = Components.swift; sourceTree = "<group>"; };
		8BD2CB0E2BF6BF4900EABDB5 /* ExploreView.swift */ = {isa = PBXFileReference; lastKnownFileType = sourcecode.swift; path = ExploreView.swift; sourceTree = "<group>"; };
		8BD7705E2C220F6300AE9BA6 /* API Request.swift */ = {isa = PBXFileReference; lastKnownFileType = sourcecode.swift; path = "API Request.swift"; sourceTree = "<group>"; };
		8BF5A2132C292F3F004C3C93 /* Explore.entitlements */ = {isa = PBXFileReference; lastKnownFileType = text.plist.entitlements; path = Explore.entitlements; sourceTree = "<group>"; };
		8BF5A2142C29B45E004C3C93 /* Weather.swift */ = {isa = PBXFileReference; lastKnownFileType = sourcecode.swift; path = Weather.swift; sourceTree = "<group>"; };
		8BFE64972BFB9947003B373B /* LargeLocationView.swift */ = {isa = PBXFileReference; lastKnownFileType = sourcecode.swift; path = LargeLocationView.swift; sourceTree = "<group>"; };
		8BFE649B2BFCCF26003B373B /* SearchComponents.swift */ = {isa = PBXFileReference; lastKnownFileType = sourcecode.swift; path = SearchComponents.swift; sourceTree = "<group>"; };
		8BFE649D2BFCDFBA003B373B /* Buttons.swift */ = {isa = PBXFileReference; lastKnownFileType = sourcecode.swift; path = Buttons.swift; sourceTree = "<group>"; };
		8BFE649F2BFCE08D003B373B /* Images.swift */ = {isa = PBXFileReference; lastKnownFileType = sourcecode.swift; path = Images.swift; sourceTree = "<group>"; };
		8BFE64A12BFCE16B003B373B /* Header.swift */ = {isa = PBXFileReference; lastKnownFileType = sourcecode.swift; path = Header.swift; sourceTree = "<group>"; };
		8BFE64A52BFCE207003B373B /* ImageView.swift */ = {isa = PBXFileReference; lastKnownFileType = sourcecode.swift; path = ImageView.swift; sourceTree = "<group>"; };
		8BFE64A72BFCEEDA003B373B /* Conditions.swift */ = {isa = PBXFileReference; lastKnownFileType = sourcecode.swift; path = Conditions.swift; sourceTree = "<group>"; };
		8BFE64A92C038FA7003B373B /* ReviewView.swift */ = {isa = PBXFileReference; lastKnownFileType = sourcecode.swift; path = ReviewView.swift; sourceTree = "<group>"; };
		F04AA4982AD2F98C00D0BE7B /* Model.swift */ = {isa = PBXFileReference; lastKnownFileType = sourcecode.swift; path = Model.swift; sourceTree = "<group>"; };
		F0DCE39F2AD20E6E009D4DF8 /* Explore.app */ = {isa = PBXFileReference; explicitFileType = wrapper.application; includeInIndex = 0; path = Explore.app; sourceTree = BUILT_PRODUCTS_DIR; };
		F0DCE3A22AD20E6E009D4DF8 /* ExploreApp.swift */ = {isa = PBXFileReference; lastKnownFileType = sourcecode.swift; path = ExploreApp.swift; sourceTree = "<group>"; };
		F0DCE3A42AD20E6E009D4DF8 /* MapView.swift */ = {isa = PBXFileReference; lastKnownFileType = sourcecode.swift; path = MapView.swift; sourceTree = "<group>"; };
		F0DCE3A62AD20E6F009D4DF8 /* Assets.xcassets */ = {isa = PBXFileReference; lastKnownFileType = folder.assetcatalog; path = Assets.xcassets; sourceTree = "<group>"; };
		F0DCE3A92AD20E6F009D4DF8 /* Preview Assets.xcassets */ = {isa = PBXFileReference; lastKnownFileType = folder.assetcatalog; path = "Preview Assets.xcassets"; sourceTree = "<group>"; };
/* End PBXFileReference section */

/* Begin PBXFrameworksBuildPhase section */
		F0DCE39C2AD20E6E009D4DF8 /* Frameworks */ = {
			isa = PBXFrameworksBuildPhase;
			buildActionMask = 2147483647;
			files = (
			);
			runOnlyForDeploymentPostprocessing = 0;
		};
/* End PBXFrameworksBuildPhase section */

/* Begin PBXGroup section */
		8B25A3722BF97EAB00F9914B /* ExploreView */ = {
			isa = PBXGroup;
			children = (
				8BD2CB0E2BF6BF4900EABDB5 /* ExploreView.swift */,
				8B25A3752BF985A600F9914B /* SearchBar.swift */,
				8BFE649B2BFCCF26003B373B /* SearchComponents.swift */,
			);
			path = ExploreView;
			sourceTree = "<group>";
		};
		8B25A37B2BF9C0BF00F9914B /* Profile */ = {
			isa = PBXGroup;
			children = (
				8B0AF8B22BF3B87D004CD597 /* ProfileView.swift */,
				8B25A37E2BF9C10E00F9914B /* ExplorePassport.swift */,
				8B25A3802BFA7D7900F9914B /* ProfileComponents.swift */,
			);
			path = Profile;
			sourceTree = "<group>";
		};
		8B25A37C2BF9C0CA00F9914B /* Location */ = {
			isa = PBXGroup;
			children = (
				8B9618322CEA7AF900B6CCB2 /* LocationView.swift */,
				8BFE64A12BFCE16B003B373B /* Header.swift */,
				8BFE649D2BFCDFBA003B373B /* Buttons.swift */,
				8BFE649F2BFCE08D003B373B /* Images.swift */,
				8B96182F2CE9D20F00B6CCB2 /* Description.swift */,
				8BFE64A72BFCEEDA003B373B /* Conditions.swift */,
				8BFE64A92C038FA7003B373B /* ReviewView.swift */,
				8BFE64A52BFCE207003B373B /* ImageView.swift */,
				8BFE64972BFB9947003B373B /* LargeLocationView.swift */,
			);
			path = Location;
			sourceTree = "<group>";
		};
		8B25A37D2BF9C0DE00F9914B /* Components */ = {
			isa = PBXGroup;
			children = (
				8B9EB9B92BF57BB500C948B8 /* Components.swift */,
			);
			path = Components;
			sourceTree = "<group>";
		};
		8B9618312CE9D2D500B6CCB2 /* MapView */ = {
			isa = PBXGroup;
			children = (
				F0DCE3A42AD20E6E009D4DF8 /* MapView.swift */,
				8B25A3822BFAD94D00F9914B /* Annotation.swift */,
				8B25A3842BFADBB500F9914B /* MapComponents.swift */,
				8B25A3792BF9B78600F9914B /* MapSettings.swift */,
			);
			path = MapView;
			sourceTree = "<group>";
		};
		F0DCE3962AD20E6E009D4DF8 = {
			isa = PBXGroup;
			children = (
				F0DCE3A12AD20E6E009D4DF8 /* Explore */,
				F0DCE3A02AD20E6E009D4DF8 /* Products */,
			);
			sourceTree = "<group>";
		};
		F0DCE3A02AD20E6E009D4DF8 /* Products */ = {
			isa = PBXGroup;
			children = (
				F0DCE39F2AD20E6E009D4DF8 /* Explore.app */,
			);
			name = Products;
			sourceTree = "<group>";
		};
		F0DCE3A12AD20E6E009D4DF8 /* Explore */ = {
			isa = PBXGroup;
			children = (
				F0DCE3A22AD20E6E009D4DF8 /* ExploreApp.swift */,
				F04AA4982AD2F98C00D0BE7B /* Model.swift */,
				8BD7705E2C220F6300AE9BA6 /* API Request.swift */,
				8B9E447C2C09139800363C4E /* ViewModel & Storage.swift */,
				8BF5A2142C29B45E004C3C93 /* Weather.swift */,
				8B49B5C92BF3EFA600EC7791 /* Location.swift */,
				8B87CB3F2C2BA4530005345D /* Data.swift */,
				8B9618312CE9D2D500B6CCB2 /* MapView */,
				8B25A3722BF97EAB00F9914B /* ExploreView */,
				8B25A37C2BF9C0CA00F9914B /* Location */,
				8B25A37B2BF9C0BF00F9914B /* Profile */,
				8B25A37D2BF9C0DE00F9914B /* Components */,
				F0DCE3A62AD20E6F009D4DF8 /* Assets.xcassets */,
				8B8976FE2C269A4B00FF1293 /* locations.csv */,
				8BF5A2132C292F3F004C3C93 /* Explore.entitlements */,
				F0DCE3A82AD20E6F009D4DF8 /* Preview Content */,
			);
			path = Explore;
			sourceTree = "<group>";
		};
		F0DCE3A82AD20E6F009D4DF8 /* Preview Content */ = {
			isa = PBXGroup;
			children = (
				F0DCE3A92AD20E6F009D4DF8 /* Preview Assets.xcassets */,
			);
			path = "Preview Content";
			sourceTree = "<group>";
		};
/* End PBXGroup section */

/* Begin PBXNativeTarget section */
		F0DCE39E2AD20E6E009D4DF8 /* Explore */ = {
			isa = PBXNativeTarget;
			buildConfigurationList = F0DCE3AD2AD20E6F009D4DF8 /* Build configuration list for PBXNativeTarget "Explore" */;
			buildPhases = (
				F0DCE39B2AD20E6E009D4DF8 /* Sources */,
				F0DCE39C2AD20E6E009D4DF8 /* Frameworks */,
				F0DCE39D2AD20E6E009D4DF8 /* Resources */,
			);
			buildRules = (
			);
			dependencies = (
			);
			name = Explore;
			productName = Explore;
			productReference = F0DCE39F2AD20E6E009D4DF8 /* Explore.app */;
			productType = "com.apple.product-type.application";
		};
/* End PBXNativeTarget section */

/* Begin PBXProject section */
		F0DCE3972AD20E6E009D4DF8 /* Project object */ = {
			isa = PBXProject;
			attributes = {
				BuildIndependentTargetsInParallel = 1;
				LastSwiftUpdateCheck = 1500;
				LastUpgradeCheck = 1500;
				TargetAttributes = {
					F0DCE39E2AD20E6E009D4DF8 = {
						CreatedOnToolsVersion = 15.0;
					};
				};
			};
			buildConfigurationList = F0DCE39A2AD20E6E009D4DF8 /* Build configuration list for PBXProject "Explore" */;
			compatibilityVersion = "Xcode 14.0";
			developmentRegion = en;
			hasScannedForEncodings = 0;
			knownRegions = (
				en,
				Base,
			);
			mainGroup = F0DCE3962AD20E6E009D4DF8;
			productRefGroup = F0DCE3A02AD20E6E009D4DF8 /* Products */;
			projectDirPath = "";
			projectRoot = "";
			targets = (
				F0DCE39E2AD20E6E009D4DF8 /* Explore */,
			);
		};
/* End PBXProject section */

/* Begin PBXResourcesBuildPhase section */
		F0DCE39D2AD20E6E009D4DF8 /* Resources */ = {
			isa = PBXResourcesBuildPhase;
			buildActionMask = 2147483647;
			files = (
				F0DCE3AA2AD20E6F009D4DF8 /* Preview Assets.xcassets in Resources */,
				8B8976FF2C269A4B00FF1293 /* locations.csv in Resources */,
				F0DCE3A72AD20E6F009D4DF8 /* Assets.xcassets in Resources */,
			);
			runOnlyForDeploymentPostprocessing = 0;
		};
/* End PBXResourcesBuildPhase section */

/* Begin PBXSourcesBuildPhase section */
		F0DCE39B2AD20E6E009D4DF8 /* Sources */ = {
			isa = PBXSourcesBuildPhase;
			buildActionMask = 2147483647;
			files = (
				F0DCE3A52AD20E6E009D4DF8 /* MapView.swift in Sources */,
				8BD2CB0F2BF6BF4900EABDB5 /* ExploreView.swift in Sources */,
				8B49B5CA2BF3EFA600EC7791 /* Location.swift in Sources */,
				8BFE64982BFB9947003B373B /* LargeLocationView.swift in Sources */,
				8B25A37F2BF9C10E00F9914B /* ExplorePassport.swift in Sources */,
				8BFE64AA2C038FA7003B373B /* ReviewView.swift in Sources */,
				8BFE64A82BFCEEDA003B373B /* Conditions.swift in Sources */,
				8BF5A2152C29B45E004C3C93 /* Weather.swift in Sources */,
				8BD7705F2C220F6300AE9BA6 /* API Request.swift in Sources */,
				8BFE649C2BFCCF26003B373B /* SearchComponents.swift in Sources */,
				8B9618302CE9D20F00B6CCB2 /* Description.swift in Sources */,
				8B0AF8B32BF3B87D004CD597 /* ProfileView.swift in Sources */,
				8B25A3852BFADBB500F9914B /* MapComponents.swift in Sources */,
				8B9E447D2C09139800363C4E /* ViewModel & Storage.swift in Sources */,
				8B87CB402C2BA4530005345D /* Data.swift in Sources */,
				8B25A3832BFAD94D00F9914B /* Annotation.swift in Sources */,
				8B25A3812BFA7D7900F9914B /* ProfileComponents.swift in Sources */,
				8BFE64A62BFCE207003B373B /* ImageView.swift in Sources */,
				F0DCE3A32AD20E6E009D4DF8 /* ExploreApp.swift in Sources */,
				8B25A37A2BF9B78600F9914B /* MapSettings.swift in Sources */,
				8B9618332CEA7B0300B6CCB2 /* LocationView.swift in Sources */,
				F04AA4992AD2F98C00D0BE7B /* Model.swift in Sources */,
				8B25A3762BF985A600F9914B /* SearchBar.swift in Sources */,
				8BFE649E2BFCDFBA003B373B /* Buttons.swift in Sources */,
				8BFE64A02BFCE08D003B373B /* Images.swift in Sources */,
				8B9EB9BA2BF57BB500C948B8 /* Components.swift in Sources */,
				8BFE64A22BFCE16B003B373B /* Header.swift in Sources */,
			);
			runOnlyForDeploymentPostprocessing = 0;
		};
/* End PBXSourcesBuildPhase section */

/* Begin XCBuildConfiguration section */
		F0DCE3AB2AD20E6F009D4DF8 /* Debug */ = {
			isa = XCBuildConfiguration;
			buildSettings = {
				ALWAYS_SEARCH_USER_PATHS = NO;
				ASSETCATALOG_COMPILER_GENERATE_SWIFT_ASSET_SYMBOL_EXTENSIONS = YES;
				CLANG_ANALYZER_NONNULL = YES;
				CLANG_ANALYZER_NUMBER_OBJECT_CONVERSION = YES_AGGRESSIVE;
				CLANG_CXX_LANGUAGE_STANDARD = "gnu++20";
				CLANG_ENABLE_MODULES = YES;
				CLANG_ENABLE_OBJC_ARC = YES;
				CLANG_ENABLE_OBJC_WEAK = YES;
				CLANG_WARN_BLOCK_CAPTURE_AUTORELEASING = YES;
				CLANG_WARN_BOOL_CONVERSION = YES;
				CLANG_WARN_COMMA = YES;
				CLANG_WARN_CONSTANT_CONVERSION = YES;
				CLANG_WARN_DEPRECATED_OBJC_IMPLEMENTATIONS = YES;
				CLANG_WARN_DIRECT_OBJC_ISA_USAGE = YES_ERROR;
				CLANG_WARN_DOCUMENTATION_COMMENTS = YES;
				CLANG_WARN_EMPTY_BODY = YES;
				CLANG_WARN_ENUM_CONVERSION = YES;
				CLANG_WARN_INFINITE_RECURSION = YES;
				CLANG_WARN_INT_CONVERSION = YES;
				CLANG_WARN_NON_LITERAL_NULL_CONVERSION = YES;
				CLANG_WARN_OBJC_IMPLICIT_RETAIN_SELF = YES;
				CLANG_WARN_OBJC_LITERAL_CONVERSION = YES;
				CLANG_WARN_OBJC_ROOT_CLASS = YES_ERROR;
				CLANG_WARN_QUOTED_INCLUDE_IN_FRAMEWORK_HEADER = YES;
				CLANG_WARN_RANGE_LOOP_ANALYSIS = YES;
				CLANG_WARN_STRICT_PROTOTYPES = YES;
				CLANG_WARN_SUSPICIOUS_MOVE = YES;
				CLANG_WARN_UNGUARDED_AVAILABILITY = YES_AGGRESSIVE;
				CLANG_WARN_UNREACHABLE_CODE = YES;
				CLANG_WARN__DUPLICATE_METHOD_MATCH = YES;
				COPY_PHASE_STRIP = NO;
				DEBUG_INFORMATION_FORMAT = dwarf;
				ENABLE_STRICT_OBJC_MSGSEND = YES;
				ENABLE_TESTABILITY = YES;
				ENABLE_USER_SCRIPT_SANDBOXING = YES;
				GCC_C_LANGUAGE_STANDARD = gnu17;
				GCC_DYNAMIC_NO_PIC = NO;
				GCC_NO_COMMON_BLOCKS = YES;
				GCC_OPTIMIZATION_LEVEL = 0;
				GCC_PREPROCESSOR_DEFINITIONS = (
					"DEBUG=1",
					"$(inherited)",
				);
				GCC_WARN_64_TO_32_BIT_CONVERSION = YES;
				GCC_WARN_ABOUT_RETURN_TYPE = YES_ERROR;
				GCC_WARN_UNDECLARED_SELECTOR = YES;
				GCC_WARN_UNINITIALIZED_AUTOS = YES_AGGRESSIVE;
				GCC_WARN_UNUSED_FUNCTION = YES;
				GCC_WARN_UNUSED_VARIABLE = YES;
				IPHONEOS_DEPLOYMENT_TARGET = 17.0;
				LOCALIZATION_PREFERS_STRING_CATALOGS = YES;
				MTL_ENABLE_DEBUG_INFO = INCLUDE_SOURCE;
				MTL_FAST_MATH = YES;
				ONLY_ACTIVE_ARCH = YES;
				SDKROOT = iphoneos;
				SWIFT_ACTIVE_COMPILATION_CONDITIONS = "DEBUG $(inherited)";
				SWIFT_OPTIMIZATION_LEVEL = "-Onone";
			};
			name = Debug;
		};
		F0DCE3AC2AD20E6F009D4DF8 /* Release */ = {
			isa = XCBuildConfiguration;
			buildSettings = {
				ALWAYS_SEARCH_USER_PATHS = NO;
				ASSETCATALOG_COMPILER_GENERATE_SWIFT_ASSET_SYMBOL_EXTENSIONS = YES;
				CLANG_ANALYZER_NONNULL = YES;
				CLANG_ANALYZER_NUMBER_OBJECT_CONVERSION = YES_AGGRESSIVE;
				CLANG_CXX_LANGUAGE_STANDARD = "gnu++20";
				CLANG_ENABLE_MODULES = YES;
				CLANG_ENABLE_OBJC_ARC = YES;
				CLANG_ENABLE_OBJC_WEAK = YES;
				CLANG_WARN_BLOCK_CAPTURE_AUTORELEASING = YES;
				CLANG_WARN_BOOL_CONVERSION = YES;
				CLANG_WARN_COMMA = YES;
				CLANG_WARN_CONSTANT_CONVERSION = YES;
				CLANG_WARN_DEPRECATED_OBJC_IMPLEMENTATIONS = YES;
				CLANG_WARN_DIRECT_OBJC_ISA_USAGE = YES_ERROR;
				CLANG_WARN_DOCUMENTATION_COMMENTS = YES;
				CLANG_WARN_EMPTY_BODY = YES;
				CLANG_WARN_ENUM_CONVERSION = YES;
				CLANG_WARN_INFINITE_RECURSION = YES;
				CLANG_WARN_INT_CONVERSION = YES;
				CLANG_WARN_NON_LITERAL_NULL_CONVERSION = YES;
				CLANG_WARN_OBJC_IMPLICIT_RETAIN_SELF = YES;
				CLANG_WARN_OBJC_LITERAL_CONVERSION = YES;
				CLANG_WARN_OBJC_ROOT_CLASS = YES_ERROR;
				CLANG_WARN_QUOTED_INCLUDE_IN_FRAMEWORK_HEADER = YES;
				CLANG_WARN_RANGE_LOOP_ANALYSIS = YES;
				CLANG_WARN_STRICT_PROTOTYPES = YES;
				CLANG_WARN_SUSPICIOUS_MOVE = YES;
				CLANG_WARN_UNGUARDED_AVAILABILITY = YES_AGGRESSIVE;
				CLANG_WARN_UNREACHABLE_CODE = YES;
				CLANG_WARN__DUPLICATE_METHOD_MATCH = YES;
				COPY_PHASE_STRIP = NO;
				DEBUG_INFORMATION_FORMAT = "dwarf-with-dsym";
				ENABLE_NS_ASSERTIONS = NO;
				ENABLE_STRICT_OBJC_MSGSEND = YES;
				ENABLE_USER_SCRIPT_SANDBOXING = YES;
				GCC_C_LANGUAGE_STANDARD = gnu17;
				GCC_NO_COMMON_BLOCKS = YES;
				GCC_WARN_64_TO_32_BIT_CONVERSION = YES;
				GCC_WARN_ABOUT_RETURN_TYPE = YES_ERROR;
				GCC_WARN_UNDECLARED_SELECTOR = YES;
				GCC_WARN_UNINITIALIZED_AUTOS = YES_AGGRESSIVE;
				GCC_WARN_UNUSED_FUNCTION = YES;
				GCC_WARN_UNUSED_VARIABLE = YES;
				IPHONEOS_DEPLOYMENT_TARGET = 17.0;
				LOCALIZATION_PREFERS_STRING_CATALOGS = YES;
				MTL_ENABLE_DEBUG_INFO = NO;
				MTL_FAST_MATH = YES;
				SDKROOT = iphoneos;
				SWIFT_COMPILATION_MODE = wholemodule;
				VALIDATE_PRODUCT = YES;
			};
			name = Release;
		};
		F0DCE3AE2AD20E6F009D4DF8 /* Debug */ = {
			isa = XCBuildConfiguration;
			buildSettings = {
				ASSETCATALOG_COMPILER_APPICON_NAME = AppIcon;
				ASSETCATALOG_COMPILER_GLOBAL_ACCENT_COLOR_NAME = AccentColor;
				CODE_SIGN_ENTITLEMENTS = Explore/Explore.entitlements;
				CODE_SIGN_STYLE = Automatic;
				CURRENT_PROJECT_VERSION = 1;
				DEVELOPMENT_ASSET_PATHS = "\"Explore/Preview Content\"";
				DEVELOPMENT_TEAM = AMU2LP62W2;
				ENABLE_PREVIEWS = YES;
				GENERATE_INFOPLIST_FILE = YES;
				INFOPLIST_KEY_NSLocationWhenInUseUsageDescription = "Explore needs your location.";
				INFOPLIST_KEY_UIApplicationSceneManifest_Generation = YES;
				INFOPLIST_KEY_UIApplicationSupportsIndirectInputEvents = YES;
				INFOPLIST_KEY_UILaunchScreen_Generation = YES;
				INFOPLIST_KEY_UISupportedInterfaceOrientations = UIInterfaceOrientationPortrait;
				INFOPLIST_KEY_UISupportedInterfaceOrientations_iPad = "UIInterfaceOrientationLandscapeLeft UIInterfaceOrientationLandscapeRight UIInterfaceOrientationPortrait UIInterfaceOrientationPortraitUpsideDown";
				IPHONEOS_DEPLOYMENT_TARGET = 18.0;
				LD_RUNPATH_SEARCH_PATHS = (
					"$(inherited)",
					"@executable_path/Frameworks",
				);
				MARKETING_VERSION = 1.0;
				PRODUCT_BUNDLE_IDENTIFIER = com.NateTedesco.Explore;
				PRODUCT_NAME = "$(TARGET_NAME)";
				SWIFT_EMIT_LOC_STRINGS = YES;
				SWIFT_VERSION = 5.0;
				TARGETED_DEVICE_FAMILY = "1,2";
			};
			name = Debug;
		};
		F0DCE3AF2AD20E6F009D4DF8 /* Release */ = {
			isa = XCBuildConfiguration;
			buildSettings = {
				ASSETCATALOG_COMPILER_APPICON_NAME = AppIcon;
				ASSETCATALOG_COMPILER_GLOBAL_ACCENT_COLOR_NAME = AccentColor;
				CODE_SIGN_ENTITLEMENTS = Explore/Explore.entitlements;
				CODE_SIGN_STYLE = Automatic;
				CURRENT_PROJECT_VERSION = 1;
				DEVELOPMENT_ASSET_PATHS = "\"Explore/Preview Content\"";
				DEVELOPMENT_TEAM = AMU2LP62W2;
				ENABLE_PREVIEWS = YES;
				GENERATE_INFOPLIST_FILE = YES;
				INFOPLIST_KEY_NSLocationWhenInUseUsageDescription = "Explore needs your location.";
				INFOPLIST_KEY_UIApplicationSceneManifest_Generation = YES;
				INFOPLIST_KEY_UIApplicationSupportsIndirectInputEvents = YES;
				INFOPLIST_KEY_UILaunchScreen_Generation = YES;
				INFOPLIST_KEY_UISupportedInterfaceOrientations = UIInterfaceOrientationPortrait;
				INFOPLIST_KEY_UISupportedInterfaceOrientations_iPad = "UIInterfaceOrientationLandscapeLeft UIInterfaceOrientationLandscapeRight UIInterfaceOrientationPortrait UIInterfaceOrientationPortraitUpsideDown";
				IPHONEOS_DEPLOYMENT_TARGET = 18.0;
				LD_RUNPATH_SEARCH_PATHS = (
					"$(inherited)",
					"@executable_path/Frameworks",
				);
				MARKETING_VERSION = 1.0;
				PRODUCT_BUNDLE_IDENTIFIER = com.NateTedesco.Explore;
				PRODUCT_NAME = "$(TARGET_NAME)";
				SWIFT_EMIT_LOC_STRINGS = YES;
				SWIFT_VERSION = 5.0;
				TARGETED_DEVICE_FAMILY = "1,2";
			};
			name = Release;
		};
/* End XCBuildConfiguration section */

/* Begin XCConfigurationList section */
		F0DCE39A2AD20E6E009D4DF8 /* Build configuration list for PBXProject "Explore" */ = {
			isa = XCConfigurationList;
			buildConfigurations = (
				F0DCE3AB2AD20E6F009D4DF8 /* Debug */,
				F0DCE3AC2AD20E6F009D4DF8 /* Release */,
			);
			defaultConfigurationIsVisible = 0;
			defaultConfigurationName = Release;
		};
		F0DCE3AD2AD20E6F009D4DF8 /* Build configuration list for PBXNativeTarget "Explore" */ = {
			isa = XCConfigurationList;
			buildConfigurations = (
				F0DCE3AE2AD20E6F009D4DF8 /* Debug */,
				F0DCE3AF2AD20E6F009D4DF8 /* Release */,
			);
			defaultConfigurationIsVisible = 0;
			defaultConfigurationName = Release;
		};
/* End XCConfigurationList section */
	};
	rootObject = F0DCE3972AD20E6E009D4DF8 /* Project object */;
}
